// !$*UTF8*$!
{
	archiveVersion = 1;
	classes = {
	};
	objectVersion = 48;
	objects = {

/* Begin PBXBuildFile section */
		3F08ED89222F54CB007DA377 /* AppDelegate.swift in Sources */ = {isa = PBXBuildFile; fileRef = 3F08ED88222F54CB007DA377 /* AppDelegate.swift */; };
		3F08ED8B222F54CB007DA377 /* MainViewController.swift in Sources */ = {isa = PBXBuildFile; fileRef = 3F08ED8A222F54CB007DA377 /* MainViewController.swift */; };
		3F08ED8E222F54CB007DA377 /* Main.storyboard in Resources */ = {isa = PBXBuildFile; fileRef = 3F08ED8C222F54CB007DA377 /* Main.storyboard */; };
		3F08ED90222F54CB007DA377 /* Assets.xcassets in Resources */ = {isa = PBXBuildFile; fileRef = 3F08ED8F222F54CB007DA377 /* Assets.xcassets */; };
		3F08ED93222F54CB007DA377 /* LaunchScreen.storyboard in Resources */ = {isa = PBXBuildFile; fileRef = 3F08ED91222F54CB007DA377 /* LaunchScreen.storyboard */; };
		3F08ED9E222F54CB007DA377 /* FinalTests.swift in Sources */ = {isa = PBXBuildFile; fileRef = 3F08ED9D222F54CB007DA377 /* FinalTests.swift */; };
		3F08EDA9222F54CB007DA377 /* FinalUITests.swift in Sources */ = {isa = PBXBuildFile; fileRef = 3F08EDA8222F54CB007DA377 /* FinalUITests.swift */; };
		3F313B48225E980100CE8024 /* SignUpViewController.swift in Sources */ = {isa = PBXBuildFile; fileRef = 3F313B47225E980100CE8024 /* SignUpViewController.swift */; };
		3F313B4F225EB05400CE8024 /* User+CoreDataClass.swift in Sources */ = {isa = PBXBuildFile; fileRef = 3F313B4D225EB05400CE8024 /* User+CoreDataClass.swift */; };
		3F313B50225EB05400CE8024 /* User+CoreDataProperties.swift in Sources */ = {isa = PBXBuildFile; fileRef = 3F313B4E225EB05400CE8024 /* User+CoreDataProperties.swift */; };
		3F313B57225EB7D800CE8024 /* Item+CoreDataClass.swift in Sources */ = {isa = PBXBuildFile; fileRef = 3F313B55225EB7D800CE8024 /* Item+CoreDataClass.swift */; };
		3F313B58225EB7D800CE8024 /* Item+CoreDataProperties.swift in Sources */ = {isa = PBXBuildFile; fileRef = 3F313B56225EB7D800CE8024 /* Item+CoreDataProperties.swift */; };
		3F313B5A225EB90800CE8024 /* Item.swift in Sources */ = {isa = PBXBuildFile; fileRef = 3F313B59225EB90800CE8024 /* Item.swift */; };
		3F63AA23224C2CEC0060829A /* ProductPageViewController.swift in Sources */ = {isa = PBXBuildFile; fileRef = 3F63AA22224C2CEC0060829A /* ProductPageViewController.swift */; };
		3F63AA27224C31730060829A /* BambooViewController.swift in Sources */ = {isa = PBXBuildFile; fileRef = 3F63AA26224C31730060829A /* BambooViewController.swift */; };
		3F63AA29224C31840060829A /* GlassViewController.swift in Sources */ = {isa = PBXBuildFile; fileRef = 3F63AA28224C31840060829A /* GlassViewController.swift */; };
		3F63AA2B224C318F0060829A /* SiliconeViewController.swift in Sources */ = {isa = PBXBuildFile; fileRef = 3F63AA2A224C318F0060829A /* SiliconeViewController.swift */; };
		3F63AA2D224C319B0060829A /* CollapsibleViewController.swift in Sources */ = {isa = PBXBuildFile; fileRef = 3F63AA2C224C319B0060829A /* CollapsibleViewController.swift */; };
		3F63AA30224C32E20060829A /*  .swift in Sources */ = {isa = PBXBuildFile; fileRef = 3F63AA24224C31650060829A /*  .swift */; };
		3F63AA32224C4EA00060829A /* Straw.swift in Sources */ = {isa = PBXBuildFile; fileRef = 3F63AA31224C4EA00060829A /* Straw.swift */; };
		3F79FE4F22498D3200A4CAB1 /* Contents.json in Resources */ = {isa = PBXBuildFile; fileRef = 3F79FE4122498D3200A4CAB1 /* Contents.json */; };
		3FC032C0225562E5009E0F24 /* LoginViewController.swift in Sources */ = {isa = PBXBuildFile; fileRef = 3FC032BF225562E5009E0F24 /* LoginViewController.swift */; };
		3FC032C722556745009E0F24 /* UserModel.xcdatamodeld in Sources */ = {isa = PBXBuildFile; fileRef = 3FC032C522556745009E0F24 /* UserModel.xcdatamodeld */; };
		3FC032D522557084009E0F24 /* PersistentContainer.swift in Sources */ = {isa = PBXBuildFile; fileRef = 3FC032D422557084009E0F24 /* PersistentContainer.swift */; };
/* End PBXBuildFile section */

/* Begin PBXContainerItemProxy section */
		3F08ED9A222F54CB007DA377 /* PBXContainerItemProxy */ = {
			isa = PBXContainerItemProxy;
			containerPortal = 3F08ED7D222F54CB007DA377 /* Project object */;
			proxyType = 1;
			remoteGlobalIDString = 3F08ED84222F54CB007DA377;
			remoteInfo = Final;
		};
		3F08EDA5222F54CB007DA377 /* PBXContainerItemProxy */ = {
			isa = PBXContainerItemProxy;
			containerPortal = 3F08ED7D222F54CB007DA377 /* Project object */;
			proxyType = 1;
			remoteGlobalIDString = 3F08ED84222F54CB007DA377;
			remoteInfo = Final;
		};
/* End PBXContainerItemProxy section */

/* Begin PBXFileReference section */
		3F08ED85222F54CB007DA377 /* Final.app */ = {isa = PBXFileReference; explicitFileType = wrapper.application; includeInIndex = 0; path = Final.app; sourceTree = BUILT_PRODUCTS_DIR; };
		3F08ED88222F54CB007DA377 /* AppDelegate.swift */ = {isa = PBXFileReference; lastKnownFileType = sourcecode.swift; path = AppDelegate.swift; sourceTree = "<group>"; };
		3F08ED8A222F54CB007DA377 /* MainViewController.swift */ = {isa = PBXFileReference; lastKnownFileType = sourcecode.swift; path = MainViewController.swift; sourceTree = "<group>"; };
		3F08ED8D222F54CB007DA377 /* Base */ = {isa = PBXFileReference; lastKnownFileType = file.storyboard; name = Base; path = Base.lproj/Main.storyboard; sourceTree = "<group>"; };
		3F08ED8F222F54CB007DA377 /* Assets.xcassets */ = {isa = PBXFileReference; lastKnownFileType = folder.assetcatalog; path = Assets.xcassets; sourceTree = "<group>"; };
		3F08ED92222F54CB007DA377 /* Base */ = {isa = PBXFileReference; lastKnownFileType = file.storyboard; name = Base; path = Base.lproj/LaunchScreen.storyboard; sourceTree = "<group>"; };
		3F08ED94222F54CB007DA377 /* Info.plist */ = {isa = PBXFileReference; lastKnownFileType = text.plist.xml; path = Info.plist; sourceTree = "<group>"; };
		3F08ED99222F54CB007DA377 /* FinalTests.xctest */ = {isa = PBXFileReference; explicitFileType = wrapper.cfbundle; includeInIndex = 0; path = FinalTests.xctest; sourceTree = BUILT_PRODUCTS_DIR; };
		3F08ED9D222F54CB007DA377 /* FinalTests.swift */ = {isa = PBXFileReference; lastKnownFileType = sourcecode.swift; path = FinalTests.swift; sourceTree = "<group>"; };
		3F08ED9F222F54CB007DA377 /* Info.plist */ = {isa = PBXFileReference; lastKnownFileType = text.plist.xml; path = Info.plist; sourceTree = "<group>"; };
		3F08EDA4222F54CB007DA377 /* FinalUITests.xctest */ = {isa = PBXFileReference; explicitFileType = wrapper.cfbundle; includeInIndex = 0; path = FinalUITests.xctest; sourceTree = BUILT_PRODUCTS_DIR; };
		3F08EDA8222F54CB007DA377 /* FinalUITests.swift */ = {isa = PBXFileReference; lastKnownFileType = sourcecode.swift; path = FinalUITests.swift; sourceTree = "<group>"; };
		3F08EDAA222F54CB007DA377 /* Info.plist */ = {isa = PBXFileReference; lastKnownFileType = text.plist.xml; path = Info.plist; sourceTree = "<group>"; };
		3F313B47225E980100CE8024 /* SignUpViewController.swift */ = {isa = PBXFileReference; lastKnownFileType = sourcecode.swift; path = SignUpViewController.swift; sourceTree = "<group>"; };
		3F313B4D225EB05400CE8024 /* User+CoreDataClass.swift */ = {isa = PBXFileReference; lastKnownFileType = sourcecode.swift; path = "User+CoreDataClass.swift"; sourceTree = "<group>"; };
		3F313B4E225EB05400CE8024 /* User+CoreDataProperties.swift */ = {isa = PBXFileReference; lastKnownFileType = sourcecode.swift; path = "User+CoreDataProperties.swift"; sourceTree = "<group>"; };
		3F313B55225EB7D800CE8024 /* Item+CoreDataClass.swift */ = {isa = PBXFileReference; lastKnownFileType = sourcecode.swift; path = "Item+CoreDataClass.swift"; sourceTree = "<group>"; };
		3F313B56225EB7D800CE8024 /* Item+CoreDataProperties.swift */ = {isa = PBXFileReference; lastKnownFileType = sourcecode.swift; path = "Item+CoreDataProperties.swift"; sourceTree = "<group>"; };
		3F313B59225EB90800CE8024 /* Item.swift */ = {isa = PBXFileReference; lastKnownFileType = sourcecode.swift; path = Item.swift; sourceTree = "<group>"; };
		3F63AA22224C2CEC0060829A /* ProductPageViewController.swift */ = {isa = PBXFileReference; lastKnownFileType = sourcecode.swift; path = ProductPageViewController.swift; sourceTree = "<group>"; wrapsLines = 0; };
		3F63AA24224C31650060829A /*  .swift */ = {isa = PBXFileReference; lastKnownFileType = sourcecode.swift; path = " .swift"; sourceTree = "<group>"; };
		3F63AA26224C31730060829A /* BambooViewController.swift */ = {isa = PBXFileReference; lastKnownFileType = sourcecode.swift; path = BambooViewController.swift; sourceTree = "<group>"; };
		3F63AA28224C31840060829A /* GlassViewController.swift */ = {isa = PBXFileReference; lastKnownFileType = sourcecode.swift; path = GlassViewController.swift; sourceTree = "<group>"; };
		3F63AA2A224C318F0060829A /* SiliconeViewController.swift */ = {isa = PBXFileReference; lastKnownFileType = sourcecode.swift; path = SiliconeViewController.swift; sourceTree = "<group>"; };
		3F63AA2C224C319B0060829A /* CollapsibleViewController.swift */ = {isa = PBXFileReference; lastKnownFileType = sourcecode.swift; path = CollapsibleViewController.swift; sourceTree = "<group>"; };
		3F63AA31224C4EA00060829A /* Straw.swift */ = {isa = PBXFileReference; lastKnownFileType = sourcecode.swift; path = Straw.swift; sourceTree = "<group>"; };
		3F79FE4122498D3200A4CAB1 /* Contents.json */ = {isa = PBXFileReference; fileEncoding = 4; lastKnownFileType = text.json; name = Contents.json; path = Assets.xcassets/Contents.json; sourceTree = "<group>"; };
		3FC032BF225562E5009E0F24 /* LoginViewController.swift */ = {isa = PBXFileReference; lastKnownFileType = sourcecode.swift; path = LoginViewController.swift; sourceTree = "<group>"; };
		3FC032C622556745009E0F24 /* UserModel.xcdatamodel */ = {isa = PBXFileReference; lastKnownFileType = wrapper.xcdatamodel; path = UserModel.xcdatamodel; sourceTree = "<group>"; };
		3FC032D422557084009E0F24 /* PersistentContainer.swift */ = {isa = PBXFileReference; lastKnownFileType = sourcecode.swift; path = PersistentContainer.swift; sourceTree = "<group>"; };
/* End PBXFileReference section */

/* Begin PBXFrameworksBuildPhase section */
		3F08ED82222F54CB007DA377 /* Frameworks */ = {
			isa = PBXFrameworksBuildPhase;
			buildActionMask = 2147483647;
			files = (
			);
			runOnlyForDeploymentPostprocessing = 0;
		};
		3F08ED96222F54CB007DA377 /* Frameworks */ = {
			isa = PBXFrameworksBuildPhase;
			buildActionMask = 2147483647;
			files = (
			);
			runOnlyForDeploymentPostprocessing = 0;
		};
		3F08EDA1222F54CB007DA377 /* Frameworks */ = {
			isa = PBXFrameworksBuildPhase;
			buildActionMask = 2147483647;
			files = (
			);
			runOnlyForDeploymentPostprocessing = 0;
		};
/* End PBXFrameworksBuildPhase section */

/* Begin PBXGroup section */
		3F08ED7C222F54CB007DA377 = {
			isa = PBXGroup;
			children = (
				3F313B55225EB7D800CE8024 /* Item+CoreDataClass.swift */,
				3F313B56225EB7D800CE8024 /* Item+CoreDataProperties.swift */,
				3F313B4D225EB05400CE8024 /* User+CoreDataClass.swift */,
				3F313B4E225EB05400CE8024 /* User+CoreDataProperties.swift */,
				3FC032D422557084009E0F24 /* PersistentContainer.swift */,
				3F08ED87222F54CB007DA377 /* Final */,
				3F08ED9C222F54CB007DA377 /* FinalTests */,
				3F08EDA7222F54CB007DA377 /* FinalUITests */,
				3F08ED86222F54CB007DA377 /* Products */,
			);
			sourceTree = "<group>";
		};
		3F08ED86222F54CB007DA377 /* Products */ = {
			isa = PBXGroup;
			children = (
				3F08ED85222F54CB007DA377 /* Final.app */,
				3F08ED99222F54CB007DA377 /* FinalTests.xctest */,
				3F08EDA4222F54CB007DA377 /* FinalUITests.xctest */,
			);
			name = Products;
			sourceTree = "<group>";
		};
		3F08ED87222F54CB007DA377 /* Final */ = {
			isa = PBXGroup;
			children = (
				3FC032C522556745009E0F24 /* UserModel.xcdatamodeld */,
				3FC032BF225562E5009E0F24 /* LoginViewController.swift */,
				3F08ED88222F54CB007DA377 /* AppDelegate.swift */,
				3F08ED8A222F54CB007DA377 /* MainViewController.swift */,
				3F313B59225EB90800CE8024 /* Item.swift */,
				3F08ED8C222F54CB007DA377 /* Main.storyboard */,
				3F63AA31224C4EA00060829A /* Straw.swift */,
				3F63AA22224C2CEC0060829A /* ProductPageViewController.swift */,
				3F63AA24224C31650060829A /*  .swift */,
				3F63AA26224C31730060829A /* BambooViewController.swift */,
				3F63AA28224C31840060829A /* GlassViewController.swift */,
				3F63AA2A224C318F0060829A /* SiliconeViewController.swift */,
				3F63AA2C224C319B0060829A /* CollapsibleViewController.swift */,
				3F08ED8F222F54CB007DA377 /* Assets.xcassets */,
				3F79FE4122498D3200A4CAB1 /* Contents.json */,
				3F08ED91222F54CB007DA377 /* LaunchScreen.storyboard */,
				3F08ED94222F54CB007DA377 /* Info.plist */,
				3F313B47225E980100CE8024 /* SignUpViewController.swift */,
			);
			path = Final;
			sourceTree = "<group>";
		};
		3F08ED9C222F54CB007DA377 /* FinalTests */ = {
			isa = PBXGroup;
			children = (
				3F08ED9D222F54CB007DA377 /* FinalTests.swift */,
				3F08ED9F222F54CB007DA377 /* Info.plist */,
			);
			path = FinalTests;
			sourceTree = "<group>";
		};
		3F08EDA7222F54CB007DA377 /* FinalUITests */ = {
			isa = PBXGroup;
			children = (
				3F08EDA8222F54CB007DA377 /* FinalUITests.swift */,
				3F08EDAA222F54CB007DA377 /* Info.plist */,
			);
			path = FinalUITests;
			sourceTree = "<group>";
		};
/* End PBXGroup section */

/* Begin PBXNativeTarget section */
		3F08ED84222F54CB007DA377 /* Final */ = {
			isa = PBXNativeTarget;
			buildConfigurationList = 3F08EDAD222F54CB007DA377 /* Build configuration list for PBXNativeTarget "Final" */;
			buildPhases = (
				3F08ED81222F54CB007DA377 /* Sources */,
				3F08ED82222F54CB007DA377 /* Frameworks */,
				3F08ED83222F54CB007DA377 /* Resources */,
			);
			buildRules = (
			);
			dependencies = (
			);
			name = Final;
			productName = Final;
			productReference = 3F08ED85222F54CB007DA377 /* Final.app */;
			productType = "com.apple.product-type.application";
		};
		3F08ED98222F54CB007DA377 /* FinalTests */ = {
			isa = PBXNativeTarget;
			buildConfigurationList = 3F08EDB0222F54CB007DA377 /* Build configuration list for PBXNativeTarget "FinalTests" */;
			buildPhases = (
				3F08ED95222F54CB007DA377 /* Sources */,
				3F08ED96222F54CB007DA377 /* Frameworks */,
				3F08ED97222F54CB007DA377 /* Resources */,
			);
			buildRules = (
			);
			dependencies = (
				3F08ED9B222F54CB007DA377 /* PBXTargetDependency */,
			);
			name = FinalTests;
			productName = FinalTests;
			productReference = 3F08ED99222F54CB007DA377 /* FinalTests.xctest */;
			productType = "com.apple.product-type.bundle.unit-test";
		};
		3F08EDA3222F54CB007DA377 /* FinalUITests */ = {
			isa = PBXNativeTarget;
			buildConfigurationList = 3F08EDB3222F54CB007DA377 /* Build configuration list for PBXNativeTarget "FinalUITests" */;
			buildPhases = (
				3F08EDA0222F54CB007DA377 /* Sources */,
				3F08EDA1222F54CB007DA377 /* Frameworks */,
				3F08EDA2222F54CB007DA377 /* Resources */,
			);
			buildRules = (
			);
			dependencies = (
				3F08EDA6222F54CB007DA377 /* PBXTargetDependency */,
			);
			name = FinalUITests;
			productName = FinalUITests;
			productReference = 3F08EDA4222F54CB007DA377 /* FinalUITests.xctest */;
			productType = "com.apple.product-type.bundle.ui-testing";
		};
/* End PBXNativeTarget section */

/* Begin PBXProject section */
		3F08ED7D222F54CB007DA377 /* Project object */ = {
			isa = PBXProject;
			attributes = {
				LastSwiftUpdateCheck = 0920;
				LastUpgradeCheck = 0920;
				ORGANIZATIONNAME = "Liam Quinn";
				TargetAttributes = {
					3F08ED84222F54CB007DA377 = {
						CreatedOnToolsVersion = 9.2;
						ProvisioningStyle = Automatic;
					};
					3F08ED98222F54CB007DA377 = {
						CreatedOnToolsVersion = 9.2;
						ProvisioningStyle = Automatic;
						TestTargetID = 3F08ED84222F54CB007DA377;
					};
					3F08EDA3222F54CB007DA377 = {
						CreatedOnToolsVersion = 9.2;
						ProvisioningStyle = Automatic;
						TestTargetID = 3F08ED84222F54CB007DA377;
					};
				};
			};
			buildConfigurationList = 3F08ED80222F54CB007DA377 /* Build configuration list for PBXProject "Final" */;
			compatibilityVersion = "Xcode 8.0";
			developmentRegion = en;
			hasScannedForEncodings = 0;
			knownRegions = (
				en,
				Base,
			);
			mainGroup = 3F08ED7C222F54CB007DA377;
			productRefGroup = 3F08ED86222F54CB007DA377 /* Products */;
			projectDirPath = "";
			projectRoot = "";
			targets = (
				3F08ED84222F54CB007DA377 /* Final */,
				3F08ED98222F54CB007DA377 /* FinalTests */,
				3F08EDA3222F54CB007DA377 /* FinalUITests */,
			);
		};
/* End PBXProject section */

/* Begin PBXResourcesBuildPhase section */
		3F08ED83222F54CB007DA377 /* Resources */ = {
			isa = PBXResourcesBuildPhase;
			buildActionMask = 2147483647;
			files = (
				3F79FE4F22498D3200A4CAB1 /* Contents.json in Resources */,
				3F08ED93222F54CB007DA377 /* LaunchScreen.storyboard in Resources */,
				3F08ED90222F54CB007DA377 /* Assets.xcassets in Resources */,
				3F08ED8E222F54CB007DA377 /* Main.storyboard in Resources */,
			);
			runOnlyForDeploymentPostprocessing = 0;
		};
		3F08ED97222F54CB007DA377 /* Resources */ = {
			isa = PBXResourcesBuildPhase;
			buildActionMask = 2147483647;
			files = (
			);
			runOnlyForDeploymentPostprocessing = 0;
		};
		3F08EDA2222F54CB007DA377 /* Resources */ = {
			isa = PBXResourcesBuildPhase;
			buildActionMask = 2147483647;
			files = (
			);
			runOnlyForDeploymentPostprocessing = 0;
		};
/* End PBXResourcesBuildPhase section */

/* Begin PBXSourcesBuildPhase section */
		3F08ED81222F54CB007DA377 /* Sources */ = {
			isa = PBXSourcesBuildPhase;
			buildActionMask = 2147483647;
			files = (
				3F63AA23224C2CEC0060829A /* ProductPageViewController.swift in Sources */,
				3FC032C0225562E5009E0F24 /* LoginViewController.swift in Sources */,
				3FC032C722556745009E0F24 /* UserModel.xcdatamodeld in Sources */,
				3FC032D522557084009E0F24 /* PersistentContainer.swift in Sources */,
				3F08ED8B222F54CB007DA377 /* MainViewController.swift in Sources */,
				3F63AA2D224C319B0060829A /* CollapsibleViewController.swift in Sources */,
				3F313B57225EB7D800CE8024 /* Item+CoreDataClass.swift in Sources */,
				3F313B4F225EB05400CE8024 /* User+CoreDataClass.swift in Sources */,
				3F63AA29224C31840060829A /* GlassViewController.swift in Sources */,
				3F313B50225EB05400CE8024 /* User+CoreDataProperties.swift in Sources */,
				3F313B5A225EB90800CE8024 /* Item.swift in Sources */,
				3F63AA27224C31730060829A /* BambooViewController.swift in Sources */,
				3F08ED89222F54CB007DA377 /* AppDelegate.swift in Sources */,
				3F63AA30224C32E20060829A /*  .swift in Sources */,
				3F63AA2B224C318F0060829A /* SiliconeViewController.swift in Sources */,
				3F313B48225E980100CE8024 /* SignUpViewController.swift in Sources */,
				3F313B58225EB7D800CE8024 /* Item+CoreDataProperties.swift in Sources */,
				3F63AA32224C4EA00060829A /* Straw.swift in Sources */,
			);
			runOnlyForDeploymentPostprocessing = 0;
		};
		3F08ED95222F54CB007DA377 /* Sources */ = {
			isa = PBXSourcesBuildPhase;
			buildActionMask = 2147483647;
			files = (
				3F08ED9E222F54CB007DA377 /* FinalTests.swift in Sources */,
			);
			runOnlyForDeploymentPostprocessing = 0;
		};
		3F08EDA0222F54CB007DA377 /* Sources */ = {
			isa = PBXSourcesBuildPhase;
			buildActionMask = 2147483647;
			files = (
				3F08EDA9222F54CB007DA377 /* FinalUITests.swift in Sources */,
			);
			runOnlyForDeploymentPostprocessing = 0;
		};
/* End PBXSourcesBuildPhase section */

/* Begin PBXTargetDependency section */
		3F08ED9B222F54CB007DA377 /* PBXTargetDependency */ = {
			isa = PBXTargetDependency;
			target = 3F08ED84222F54CB007DA377 /* Final */;
			targetProxy = 3F08ED9A222F54CB007DA377 /* PBXContainerItemProxy */;
		};
		3F08EDA6222F54CB007DA377 /* PBXTargetDependency */ = {
			isa = PBXTargetDependency;
			target = 3F08ED84222F54CB007DA377 /* Final */;
			targetProxy = 3F08EDA5222F54CB007DA377 /* PBXContainerItemProxy */;
		};
/* End PBXTargetDependency section */

/* Begin PBXVariantGroup section */
		3F08ED8C222F54CB007DA377 /* Main.storyboard */ = {
			isa = PBXVariantGroup;
			children = (
				3F08ED8D222F54CB007DA377 /* Base */,
			);
			name = Main.storyboard;
			sourceTree = "<group>";
		};
		3F08ED91222F54CB007DA377 /* LaunchScreen.storyboard */ = {
			isa = PBXVariantGroup;
			children = (
				3F08ED92222F54CB007DA377 /* Base */,
			);
			name = LaunchScreen.storyboard;
			sourceTree = "<group>";
		};
/* End PBXVariantGroup section */

/* Begin XCBuildConfiguration section */
		3F08EDAB222F54CB007DA377 /* Debug */ = {
			isa = XCBuildConfiguration;
			buildSettings = {
				ALWAYS_SEARCH_USER_PATHS = NO;
				CLANG_ANALYZER_NONNULL = YES;
				CLANG_ANALYZER_NUMBER_OBJECT_CONVERSION = YES_AGGRESSIVE;
				CLANG_CXX_LANGUAGE_STANDARD = "gnu++14";
				CLANG_CXX_LIBRARY = "libc++";
				CLANG_ENABLE_MODULES = YES;
				CLANG_ENABLE_OBJC_ARC = YES;
				CLANG_WARN_BLOCK_CAPTURE_AUTORELEASING = YES;
				CLANG_WARN_BOOL_CONVERSION = YES;
				CLANG_WARN_COMMA = YES;
				CLANG_WARN_CONSTANT_CONVERSION = YES;
				CLANG_WARN_DIRECT_OBJC_ISA_USAGE = YES_ERROR;
				CLANG_WARN_DOCUMENTATION_COMMENTS = YES;
				CLANG_WARN_EMPTY_BODY = YES;
				CLANG_WARN_ENUM_CONVERSION = YES;
				CLANG_WARN_INFINITE_RECURSION = YES;
				CLANG_WARN_INT_CONVERSION = YES;
				CLANG_WARN_NON_LITERAL_NULL_CONVERSION = YES;
				CLANG_WARN_OBJC_LITERAL_CONVERSION = YES;
				CLANG_WARN_OBJC_ROOT_CLASS = YES_ERROR;
				CLANG_WARN_RANGE_LOOP_ANALYSIS = YES;
				CLANG_WARN_STRICT_PROTOTYPES = YES;
				CLANG_WARN_SUSPICIOUS_MOVE = YES;
				CLANG_WARN_UNGUARDED_AVAILABILITY = YES_AGGRESSIVE;
				CLANG_WARN_UNREACHABLE_CODE = YES;
				CLANG_WARN__DUPLICATE_METHOD_MATCH = YES;
				CODE_SIGN_IDENTITY = "iPhone Developer";
				COPY_PHASE_STRIP = NO;
				DEBUG_INFORMATION_FORMAT = dwarf;
				ENABLE_STRICT_OBJC_MSGSEND = YES;
				ENABLE_TESTABILITY = YES;
				GCC_C_LANGUAGE_STANDARD = gnu11;
				GCC_DYNAMIC_NO_PIC = NO;
				GCC_NO_COMMON_BLOCKS = YES;
				GCC_OPTIMIZATION_LEVEL = 0;
				GCC_PREPROCESSOR_DEFINITIONS = (
					"DEBUG=1",
					"$(inherited)",
				);
				GCC_WARN_64_TO_32_BIT_CONVERSION = YES;
				GCC_WARN_ABOUT_RETURN_TYPE = YES_ERROR;
				GCC_WARN_UNDECLARED_SELECTOR = YES;
				GCC_WARN_UNINITIALIZED_AUTOS = YES_AGGRESSIVE;
				GCC_WARN_UNUSED_FUNCTION = YES;
				GCC_WARN_UNUSED_VARIABLE = YES;
				IPHONEOS_DEPLOYMENT_TARGET = 11.2;
				MTL_ENABLE_DEBUG_INFO = YES;
				ONLY_ACTIVE_ARCH = YES;
				SDKROOT = iphoneos;
				SWIFT_ACTIVE_COMPILATION_CONDITIONS = DEBUG;
				SWIFT_OPTIMIZATION_LEVEL = "-Onone";
			};
			name = Debug;
		};
		3F08EDAC222F54CB007DA377 /* Release */ = {
			isa = XCBuildConfiguration;
			buildSettings = {
				ALWAYS_SEARCH_USER_PATHS = NO;
				CLANG_ANALYZER_NONNULL = YES;
				CLANG_ANALYZER_NUMBER_OBJECT_CONVERSION = YES_AGGRESSIVE;
				CLANG_CXX_LANGUAGE_STANDARD = "gnu++14";
				CLANG_CXX_LIBRARY = "libc++";
				CLANG_ENABLE_MODULES = YES;
				CLANG_ENABLE_OBJC_ARC = YES;
				CLANG_WARN_BLOCK_CAPTURE_AUTORELEASING = YES;
				CLANG_WARN_BOOL_CONVERSION = YES;
				CLANG_WARN_COMMA = YES;
				CLANG_WARN_CONSTANT_CONVERSION = YES;
				CLANG_WARN_DIRECT_OBJC_ISA_USAGE = YES_ERROR;
				CLANG_WARN_DOCUMENTATION_COMMENTS = YES;
				CLANG_WARN_EMPTY_BODY = YES;
				CLANG_WARN_ENUM_CONVERSION = YES;
				CLANG_WARN_INFINITE_RECURSION = YES;
				CLANG_WARN_INT_CONVERSION = YES;
				CLANG_WARN_NON_LITERAL_NULL_CONVERSION = YES;
				CLANG_WARN_OBJC_LITERAL_CONVERSION = YES;
				CLANG_WARN_OBJC_ROOT_CLASS = YES_ERROR;
				CLANG_WARN_RANGE_LOOP_ANALYSIS = YES;
				CLANG_WARN_STRICT_PROTOTYPES = YES;
				CLANG_WARN_SUSPICIOUS_MOVE = YES;
				CLANG_WARN_UNGUARDED_AVAILABILITY = YES_AGGRESSIVE;
				CLANG_WARN_UNREACHABLE_CODE = YES;
				CLANG_WARN__DUPLICATE_METHOD_MATCH = YES;
				CODE_SIGN_IDENTITY = "iPhone Developer";
				COPY_PHASE_STRIP = NO;
				DEBUG_INFORMATION_FORMAT = "dwarf-with-dsym";
				ENABLE_NS_ASSERTIONS = NO;
				ENABLE_STRICT_OBJC_MSGSEND = YES;
				GCC_C_LANGUAGE_STANDARD = gnu11;
				GCC_NO_COMMON_BLOCKS = YES;
				GCC_WARN_64_TO_32_BIT_CONVERSION = YES;
				GCC_WARN_ABOUT_RETURN_TYPE = YES_ERROR;
				GCC_WARN_UNDECLARED_SELECTOR = YES;
				GCC_WARN_UNINITIALIZED_AUTOS = YES_AGGRESSIVE;
				GCC_WARN_UNUSED_FUNCTION = YES;
				GCC_WARN_UNUSED_VARIABLE = YES;
				IPHONEOS_DEPLOYMENT_TARGET = 11.2;
				MTL_ENABLE_DEBUG_INFO = NO;
				SDKROOT = iphoneos;
				SWIFT_OPTIMIZATION_LEVEL = "-Owholemodule";
				VALIDATE_PRODUCT = YES;
			};
			name = Release;
		};
		3F08EDAE222F54CB007DA377 /* Debug */ = {
			isa = XCBuildConfiguration;
			buildSettings = {
				ASSETCATALOG_COMPILER_APPICON_NAME = AppIcon;
				CODE_SIGN_STYLE = Automatic;
				INFOPLIST_FILE = Final/Info.plist;
				LD_RUNPATH_SEARCH_PATHS = "$(inherited) @executable_path/Frameworks";
				PRODUCT_BUNDLE_IDENTIFIER = com.quinn.liam.Final;
				PRODUCT_NAME = "$(TARGET_NAME)";
				SWIFT_VERSION = 4.0;
				TARGETED_DEVICE_FAMILY = "1,2";
			};
			name = Debug;
		};
		3F08EDAF222F54CB007DA377 /* Release */ = {
			isa = XCBuildConfiguration;
			buildSettings = {
				ASSETCATALOG_COMPILER_APPICON_NAME = AppIcon;
				CODE_SIGN_STYLE = Automatic;
				INFOPLIST_FILE = Final/Info.plist;
				LD_RUNPATH_SEARCH_PATHS = "$(inherited) @executable_path/Frameworks";
				PRODUCT_BUNDLE_IDENTIFIER = com.quinn.liam.Final;
				PRODUCT_NAME = "$(TARGET_NAME)";
				SWIFT_VERSION = 4.0;
				TARGETED_DEVICE_FAMILY = "1,2";
			};
			name = Release;
		};
		3F08EDB1222F54CB007DA377 /* Debug */ = {
			isa = XCBuildConfiguration;
			buildSettings = {
				ALWAYS_EMBED_SWIFT_STANDARD_LIBRARIES = YES;
				BUNDLE_LOADER = "$(TEST_HOST)";
				CODE_SIGN_STYLE = Automatic;
				INFOPLIST_FILE = FinalTests/Info.plist;
				LD_RUNPATH_SEARCH_PATHS = "$(inherited) @executable_path/Frameworks @loader_path/Frameworks";
				PRODUCT_BUNDLE_IDENTIFIER = com.quinn.liam.FinalTests;
				PRODUCT_NAME = "$(TARGET_NAME)";
				SWIFT_VERSION = 4.0;
				TARGETED_DEVICE_FAMILY = "1,2";
				TEST_HOST = "$(BUILT_PRODUCTS_DIR)/Final.app/Final";
			};
			name = Debug;
		};
		3F08EDB2222F54CB007DA377 /* Release */ = {
			isa = XCBuildConfiguration;
			buildSettings = {
				ALWAYS_EMBED_SWIFT_STANDARD_LIBRARIES = YES;
				BUNDLE_LOADER = "$(TEST_HOST)";
				CODE_SIGN_STYLE = Automatic;
				INFOPLIST_FILE = FinalTests/Info.plist;
				LD_RUNPATH_SEARCH_PATHS = "$(inherited) @executable_path/Frameworks @loader_path/Frameworks";
				PRODUCT_BUNDLE_IDENTIFIER = com.quinn.liam.FinalTests;
				PRODUCT_NAME = "$(TARGET_NAME)";
				SWIFT_VERSION = 4.0;
				TARGETED_DEVICE_FAMILY = "1,2";
				TEST_HOST = "$(BUILT_PRODUCTS_DIR)/Final.app/Final";
			};
			name = Release;
		};
		3F08EDB4222F54CB007DA377 /* Debug */ = {
			isa = XCBuildConfiguration;
			buildSettings = {
				ALWAYS_EMBED_SWIFT_STANDARD_LIBRARIES = YES;
				CODE_SIGN_STYLE = Automatic;
				INFOPLIST_FILE = FinalUITests/Info.plist;
				LD_RUNPATH_SEARCH_PATHS = "$(inherited) @executable_path/Frameworks @loader_path/Frameworks";
				PRODUCT_BUNDLE_IDENTIFIER = com.quinn.liam.FinalUITests;
				PRODUCT_NAME = "$(TARGET_NAME)";
				SWIFT_VERSION = 4.0;
				TARGETED_DEVICE_FAMILY = "1,2";
				TEST_TARGET_NAME = Final;
			};
			name = Debug;
		};
		3F08EDB5222F54CB007DA377 /* Release */ = {
			isa = XCBuildConfiguration;
			buildSettings = {
				ALWAYS_EMBED_SWIFT_STANDARD_LIBRARIES = YES;
				CODE_SIGN_STYLE = Automatic;
				INFOPLIST_FILE = FinalUITests/Info.plist;
				LD_RUNPATH_SEARCH_PATHS = "$(inherited) @executable_path/Frameworks @loader_path/Frameworks";
				PRODUCT_BUNDLE_IDENTIFIER = com.quinn.liam.FinalUITests;
				PRODUCT_NAME = "$(TARGET_NAME)";
				SWIFT_VERSION = 4.0;
				TARGETED_DEVICE_FAMILY = "1,2";
				TEST_TARGET_NAME = Final;
			};
			name = Release;
		};
/* End XCBuildConfiguration section */

/* Begin XCConfigurationList section */
		3F08ED80222F54CB007DA377 /* Build configuration list for PBXProject "Final" */ = {
			isa = XCConfigurationList;
			buildConfigurations = (
				3F08EDAB222F54CB007DA377 /* Debug */,
				3F08EDAC222F54CB007DA377 /* Release */,
			);
			defaultConfigurationIsVisible = 0;
			defaultConfigurationName = Release;
		};
		3F08EDAD222F54CB007DA377 /* Build configuration list for PBXNativeTarget "Final" */ = {
			isa = XCConfigurationList;
			buildConfigurations = (
				3F08EDAE222F54CB007DA377 /* Debug */,
				3F08EDAF222F54CB007DA377 /* Release */,
			);
			defaultConfigurationIsVisible = 0;
			defaultConfigurationName = Release;
		};
		3F08EDB0222F54CB007DA377 /* Build configuration list for PBXNativeTarget "FinalTests" */ = {
			isa = XCConfigurationList;
			buildConfigurations = (
				3F08EDB1222F54CB007DA377 /* Debug */,
				3F08EDB2222F54CB007DA377 /* Release */,
			);
			defaultConfigurationIsVisible = 0;
			defaultConfigurationName = Release;
		};
		3F08EDB3222F54CB007DA377 /* Build configuration list for PBXNativeTarget "FinalUITests" */ = {
			isa = XCConfigurationList;
			buildConfigurations = (
				3F08EDB4222F54CB007DA377 /* Debug */,
				3F08EDB5222F54CB007DA377 /* Release */,
			);
			defaultConfigurationIsVisible = 0;
			defaultConfigurationName = Release;
		};
/* End XCConfigurationList section */

/* Begin XCVersionGroup section */
		3FC032C522556745009E0F24 /* UserModel.xcdatamodeld */ = {
			isa = XCVersionGroup;
			children = (
				3FC032C622556745009E0F24 /* UserModel.xcdatamodel */,
			);
			currentVersion = 3FC032C622556745009E0F24 /* UserModel.xcdatamodel */;
			path = UserModel.xcdatamodeld;
			sourceTree = "<group>";
			versionGroupType = wrapper.xcdatamodel;
		};
/* End XCVersionGroup section */
	};
	rootObject = 3F08ED7D222F54CB007DA377 /* Project object */;
}
